# THIS IS AN AUTOGENERATED FILE. DO NOT EDIT THIS FILE DIRECTLY.
# yarn lockfile v1


turbo-darwin-64@2.2.3:
  version "2.2.3"
  resolved "https://registry.yarnpkg.com/turbo-darwin-64/-/turbo-darwin-64-2.2.3.tgz#f0ced75ed031091e52851cbe8bb05d21a161a22b"
  integrity sha512-Rcm10CuMKQGcdIBS3R/9PMeuYnv6beYIHqfZFeKWVYEWH69sauj4INs83zKMTUiZJ3/hWGZ4jet9AOwhsssLyg==

turbo-darwin-arm64@2.2.3:
  version "2.2.3"
  resolved "https://registry.yarnpkg.com/turbo-darwin-arm64/-/turbo-darwin-arm64-2.2.3.tgz#0b4741383ab5070d8383891a65861a8869cc7202"
  integrity sha512-+EIMHkuLFqUdJYsA3roj66t9+9IciCajgj+DVek+QezEdOJKcRxlvDOS2BUaeN8kEzVSsNiAGnoysFWYw4K0HA==

turbo-linux-64@2.2.3:
  version "2.2.3"
  resolved "https://registry.yarnpkg.com/turbo-linux-64/-/turbo-linux-64-2.2.3.tgz#2b339db50c12bc52ce99139c156d5555717a209d"
  integrity sha512-UBhJCYnqtaeOBQLmLo8BAisWbc9v9daL9G8upLR+XGj6vuN/Nz6qUAhverN4Pyej1g4Nt1BhROnj6GLOPYyqxQ==

turbo-linux-arm64@2.2.3:
  version "2.2.3"
  resolved "https://registry.yarnpkg.com/turbo-linux-arm64/-/turbo-linux-arm64-2.2.3.tgz#a4daf6e0872a4e2652e2d05d68ad18cee5b10e94"
  integrity sha512-hJYT9dN06XCQ3jBka/EWvvAETnHRs3xuO/rb5bESmDfG+d9yQjeTMlhRXKrr4eyIMt6cLDt1LBfyi+6CQ+VAwQ==

turbo-windows-64@2.2.3:
  version "2.2.3"
  resolved "https://registry.yarnpkg.com/turbo-windows-64/-/turbo-windows-64-2.2.3.tgz#d44b3385948bd0f2ef5c2d53391f142bdd467b18"
  integrity sha512-NPrjacrZypMBF31b4HE4ROg4P3nhMBPHKS5WTpMwf7wydZ8uvdEHpESVNMOtqhlp857zbnKYgP+yJF30H3N2dQ==

turbo-windows-arm64@2.2.3:
  version "2.2.3"
  resolved "https://registry.yarnpkg.com/turbo-windows-arm64/-/turbo-windows-arm64-2.2.3.tgz#d0625ec53f467013a6f259f87f7fc4ae8670aaa4"
  integrity sha512-fnNrYBCqn6zgKPKLHu4sOkihBI/+0oYFr075duRxqUZ+1aLWTAGfHZLgjVeLh3zR37CVzuerGIPWAEkNhkWEIw==

turbo@^2.2.3:
  version "2.2.3"
  resolved "https://registry.yarnpkg.com/turbo/-/turbo-2.2.3.tgz#0f45612d62526c98c75da0682aa8c26b902b5e07"
  integrity sha512-5lDvSqIxCYJ/BAd6rQGK/AzFRhBkbu4JHVMLmGh/hCb7U3CqSnr5Tjwfy9vc+/5wG2DJ6wttgAaA7MoCgvBKZQ==
  optionalDependencies:
    turbo-darwin-64 "2.2.3"
    turbo-darwin-arm64 "2.2.3"
    turbo-linux-64 "2.2.3"
    turbo-linux-arm64 "2.2.3"
    turbo-windows-64 "2.2.3"
    turbo-windows-arm64 "2.2.3"
